
Microsoft Visual Studio Solution File, Format Version 12.00
# Visual Studio Version 17
VisualStudioVersion = 17.11.35219.272
MinimumVisualStudioVersion = 10.0.40219.1
Project("{9A19103F-16F7-4668-BE54-9A1E7A4F7556}") = "TicTacToe", "TicTacToe.csproj", "{A75482C7-D4E7-4F9A-9041-D34DB5BC7D33}"
EndProject
Global
	GlobalSection(SolutionConfigurationPlatforms) = preSolution
		Debug|Any CPU = Debug|Any CPU
		Release|Any CPU = Release|Any CPU
	EndGlobalSection
	GlobalSection(ProjectConfigurationPlatforms) = postSolution
		{A75482C7-D4E7-4F9A-9041-D34DB5BC7D33}.Debug|Any CPU.ActiveCfg = Debug|Any CPU
		{A75482C7-D4E7-4F9A-9041-D34DB5BC7D33}.Debug|Any CPU.Build.0 = Debug|Any CPU
		{A75482C7-D4E7-4F9A-9041-D34DB5BC7D33}.Release|Any CPU.ActiveCfg = Release|Any CPU
		{A75482C7-D4E7-4F9A-9041-D34DB5BC7D33}.Release|Any CPU.Build.0 = Release|Any CPU
	EndGlobalSection
	GlobalSection(SolutionProperties) = preSolution
		HideSolutionNode = FALSE
	EndGlobalSection
	GlobalSection(ExtensibilityGlobals) = postSolution
		SolutionGuid = {33919889-3BDC-46CE-8793-9D15E8E2C4D0}
	EndGlobalSection
EndGlobal
